
Microsoft Visual Studio Solution File, Format Version 12.00
# Visual Studio 2012
Project("{FAE04EC0-301F-11D3-BF4B-00C04F79EFBC}") = "TCPToSerialRelay", "TCPToSerialRelay\TCPToSerialRelay.csproj", "{294BD8A8-E58C-41C1-B89C-33769293D2EF}"
EndProject
Global
	GlobalSection(SolutionConfigurationPlatforms) = preSolution
		CD_ROM|Any CPU = CD_ROM|Any CPU
		Debug|Any CPU = Debug|Any CPU
		DVD-5|Any CPU = DVD-5|Any CPU
		Release|Any CPU = Release|Any CPU
		SingleImage|Any CPU = SingleImage|Any CPU
	EndGlobalSection
	GlobalSection(ProjectConfigurationPlatforms) = postSolution
		{294BD8A8-E58C-41C1-B89C-33769293D2EF}.CD_ROM|Any CPU.ActiveCfg = Release|Any CPU
		{294BD8A8-E58C-41C1-B89C-33769293D2EF}.CD_ROM|Any CPU.Build.0 = Release|Any CPU
		{294BD8A8-E58C-41C1-B89C-33769293D2EF}.Debug|Any CPU.ActiveCfg = Debug|Any CPU
		{294BD8A8-E58C-41C1-B89C-33769293D2EF}.Debug|Any CPU.Build.0 = Debug|Any CPU
		{294BD8A8-E58C-41C1-B89C-33769293D2EF}.DVD-5|Any CPU.ActiveCfg = Debug|Any CPU
		{294BD8A8-E58C-41C1-B89C-33769293D2EF}.DVD-5|Any CPU.Build.0 = Debug|Any CPU
		{294BD8A8-E58C-41C1-B89C-33769293D2EF}.Release|Any CPU.ActiveCfg = Release|Any CPU
		{294BD8A8-E58C-41C1-B89C-33769293D2EF}.Release|Any CPU.Build.0 = Release|Any CPU
		{294BD8A8-E58C-41C1-B89C-33769293D2EF}.SingleImage|Any CPU.ActiveCfg = Release|Any CPU
		{294BD8A8-E58C-41C1-B89C-33769293D2EF}.SingleImage|Any CPU.Build.0 = Release|Any CPU
	EndGlobalSection
	GlobalSection(SolutionProperties) = preSolution
		HideSolutionNode = FALSE
	EndGlobalSection
EndGlobal
